{
  "name": "proyectoLebron",
  "version": "1.0.0",
  "lockfileVersion": 1,
  "requires": true,
  "dependencies": {
    "hotnode": {
      "version": "0.0.8",
      "resolved": "https://registry.npmjs.org/hotnode/-/hotnode-0.0.8.tgz",
      "integrity": "sha1-OtqmPVslLCbxKUXIJ9YSXGDIBzM=",
      "requires": {
        "watch": "0.5.0"
      }
    },
    "watch": {
      "version": "0.5.0",
      "resolved": "https://registry.npmjs.org/watch/-/watch-0.5.0.tgz",
      "integrity": "sha1-HrE5mzQglgEnQx76ZGtxjaFG038="
    }
  }
}
